
Microsoft Visual Studio Solution File, Format Version 12.00
# Visual Studio Version 17
VisualStudioVersion = 17.9.34622.214
MinimumVisualStudioVersion = 10.0.40219.1
Project("{2150E333-8FDC-42A3-9474-1A3956D46DE8}") = "GameModule", "GameModule", "{35F7C631-1E4C-4B9B-B9E4-503DE3A4F1E4}"
EndProject
Project("{2150E333-8FDC-42A3-9474-1A3956D46DE8}") = "SettingsModule", "SettingsModule", "{8B1546E8-AAFE-4AE6-B665-5CC85F9C1339}"
EndProject
Project("{2150E333-8FDC-42A3-9474-1A3956D46DE8}") = "StatisticsModule", "StatisticsModule", "{056A13F3-5B03-49AA-8B0F-14DB200AF8C5}"
EndProject
Project("{2150E333-8FDC-42A3-9474-1A3956D46DE8}") = "MenuModule", "MenuModule", "{C84ADA38-2943-4C67-8201-157057BB24B3}"
EndProject
Project("{FAE04EC0-301F-11D3-BF4B-00C04F79EFBC}") = "GameModel", "GameModel\GameModel.csproj", "{1D93D48B-65C6-4623-904E-2CA4ACF5D0FF}"
EndProject
Project("{FAE04EC0-301F-11D3-BF4B-00C04F79EFBC}") = "GamePresenter", "GamePresenter\GamePresenter.csproj", "{8A324816-1BFF-44F5-82FF-F06D5873D897}"
EndProject
Project("{FAE04EC0-301F-11D3-BF4B-00C04F79EFBC}") = "GameView", "GameView\GameView.csproj", "{7887509A-32D2-4814-9644-89BFC44B0B74}"
EndProject
Project("{FAE04EC0-301F-11D3-BF4B-00C04F79EFBC}") = "MenuView", "MenuView\MenuView.csproj", "{9288CE24-39EB-4425-A4A4-9DD6A69097E2}"
EndProject
Project("{FAE04EC0-301F-11D3-BF4B-00C04F79EFBC}") = "MenuPresenter", "MenuPresenter\MenuPresenter.csproj", "{69908E42-6518-461B-90FE-7D5C102581F9}"
EndProject
Project("{FAE04EC0-301F-11D3-BF4B-00C04F79EFBC}") = "SettingsModel", "SettingsModel\SettingsModel.csproj", "{775BE448-B0F2-4172-A89A-FD985A5B8424}"
EndProject
Project("{FAE04EC0-301F-11D3-BF4B-00C04F79EFBC}") = "SettingsPresenter", "SettingsPresenter\SettingsPresenter.csproj", "{7F1D0C80-5BFB-42B3-8D3A-62F3FD4AEE13}"
EndProject
Project("{FAE04EC0-301F-11D3-BF4B-00C04F79EFBC}") = "SettingsView", "SettingsView\SettingsView.csproj", "{060D5D00-0A32-453E-9989-9E798113FF8A}"
EndProject
Project("{FAE04EC0-301F-11D3-BF4B-00C04F79EFBC}") = "StatisticsView", "StatisticsView\StatisticsView.csproj", "{5A7C800D-20D3-4D57-921B-4B01074BD0F9}"
EndProject
Project("{FAE04EC0-301F-11D3-BF4B-00C04F79EFBC}") = "StatisticsModel", "StatisticsModel\StatisticsModel.csproj", "{AE97F194-0724-4B9E-B58A-DEB27239F584}"
EndProject
Project("{FAE04EC0-301F-11D3-BF4B-00C04F79EFBC}") = "StatisticsPresenter", "StatisticsPresenter\StatisticsPresenter.csproj", "{1AD6A6A6-9AD2-476D-A34A-A2163A7186B9}"
EndProject
Global
	GlobalSection(SolutionConfigurationPlatforms) = preSolution
		Debug|Any CPU = Debug|Any CPU
		Release|Any CPU = Release|Any CPU
	EndGlobalSection
	GlobalSection(ProjectConfigurationPlatforms) = postSolution
		{1D93D48B-65C6-4623-904E-2CA4ACF5D0FF}.Debug|Any CPU.ActiveCfg = Debug|Any CPU
		{1D93D48B-65C6-4623-904E-2CA4ACF5D0FF}.Debug|Any CPU.Build.0 = Debug|Any CPU
		{1D93D48B-65C6-4623-904E-2CA4ACF5D0FF}.Release|Any CPU.ActiveCfg = Release|Any CPU
		{1D93D48B-65C6-4623-904E-2CA4ACF5D0FF}.Release|Any CPU.Build.0 = Release|Any CPU
		{8A324816-1BFF-44F5-82FF-F06D5873D897}.Debug|Any CPU.ActiveCfg = Debug|Any CPU
		{8A324816-1BFF-44F5-82FF-F06D5873D897}.Debug|Any CPU.Build.0 = Debug|Any CPU
		{8A324816-1BFF-44F5-82FF-F06D5873D897}.Release|Any CPU.ActiveCfg = Release|Any CPU
		{8A324816-1BFF-44F5-82FF-F06D5873D897}.Release|Any CPU.Build.0 = Release|Any CPU
		{7887509A-32D2-4814-9644-89BFC44B0B74}.Debug|Any CPU.ActiveCfg = Debug|Any CPU
		{7887509A-32D2-4814-9644-89BFC44B0B74}.Debug|Any CPU.Build.0 = Debug|Any CPU
		{7887509A-32D2-4814-9644-89BFC44B0B74}.Release|Any CPU.ActiveCfg = Release|Any CPU
		{7887509A-32D2-4814-9644-89BFC44B0B74}.Release|Any CPU.Build.0 = Release|Any CPU
		{9288CE24-39EB-4425-A4A4-9DD6A69097E2}.Debug|Any CPU.ActiveCfg = Debug|Any CPU
		{9288CE24-39EB-4425-A4A4-9DD6A69097E2}.Debug|Any CPU.Build.0 = Debug|Any CPU
		{9288CE24-39EB-4425-A4A4-9DD6A69097E2}.Release|Any CPU.ActiveCfg = Release|Any CPU
		{9288CE24-39EB-4425-A4A4-9DD6A69097E2}.Release|Any CPU.Build.0 = Release|Any CPU
		{69908E42-6518-461B-90FE-7D5C102581F9}.Debug|Any CPU.ActiveCfg = Debug|Any CPU
		{69908E42-6518-461B-90FE-7D5C102581F9}.Debug|Any CPU.Build.0 = Debug|Any CPU
		{69908E42-6518-461B-90FE-7D5C102581F9}.Release|Any CPU.ActiveCfg = Release|Any CPU
		{69908E42-6518-461B-90FE-7D5C102581F9}.Release|Any CPU.Build.0 = Release|Any CPU
		{775BE448-B0F2-4172-A89A-FD985A5B8424}.Debug|Any CPU.ActiveCfg = Debug|Any CPU
		{775BE448-B0F2-4172-A89A-FD985A5B8424}.Debug|Any CPU.Build.0 = Debug|Any CPU
		{775BE448-B0F2-4172-A89A-FD985A5B8424}.Release|Any CPU.ActiveCfg = Release|Any CPU
		{775BE448-B0F2-4172-A89A-FD985A5B8424}.Release|Any CPU.Build.0 = Release|Any CPU
		{7F1D0C80-5BFB-42B3-8D3A-62F3FD4AEE13}.Debug|Any CPU.ActiveCfg = Debug|Any CPU
		{7F1D0C80-5BFB-42B3-8D3A-62F3FD4AEE13}.Debug|Any CPU.Build.0 = Debug|Any CPU
		{7F1D0C80-5BFB-42B3-8D3A-62F3FD4AEE13}.Release|Any CPU.ActiveCfg = Release|Any CPU
		{7F1D0C80-5BFB-42B3-8D3A-62F3FD4AEE13}.Release|Any CPU.Build.0 = Release|Any CPU
		{060D5D00-0A32-453E-9989-9E798113FF8A}.Debug|Any CPU.ActiveCfg = Debug|Any CPU
		{060D5D00-0A32-453E-9989-9E798113FF8A}.Debug|Any CPU.Build.0 = Debug|Any CPU
		{060D5D00-0A32-453E-9989-9E798113FF8A}.Release|Any CPU.ActiveCfg = Release|Any CPU
		{060D5D00-0A32-453E-9989-9E798113FF8A}.Release|Any CPU.Build.0 = Release|Any CPU
		{5A7C800D-20D3-4D57-921B-4B01074BD0F9}.Debug|Any CPU.ActiveCfg = Debug|Any CPU
		{5A7C800D-20D3-4D57-921B-4B01074BD0F9}.Debug|Any CPU.Build.0 = Debug|Any CPU
		{5A7C800D-20D3-4D57-921B-4B01074BD0F9}.Release|Any CPU.ActiveCfg = Release|Any CPU
		{5A7C800D-20D3-4D57-921B-4B01074BD0F9}.Release|Any CPU.Build.0 = Release|Any CPU
		{AE97F194-0724-4B9E-B58A-DEB27239F584}.Debug|Any CPU.ActiveCfg = Debug|Any CPU
		{AE97F194-0724-4B9E-B58A-DEB27239F584}.Debug|Any CPU.Build.0 = Debug|Any CPU
		{AE97F194-0724-4B9E-B58A-DEB27239F584}.Release|Any CPU.ActiveCfg = Release|Any CPU
		{AE97F194-0724-4B9E-B58A-DEB27239F584}.Release|Any CPU.Build.0 = Release|Any CPU
		{1AD6A6A6-9AD2-476D-A34A-A2163A7186B9}.Debug|Any CPU.ActiveCfg = Debug|Any CPU
		{1AD6A6A6-9AD2-476D-A34A-A2163A7186B9}.Debug|Any CPU.Build.0 = Debug|Any CPU
		{1AD6A6A6-9AD2-476D-A34A-A2163A7186B9}.Release|Any CPU.ActiveCfg = Release|Any CPU
		{1AD6A6A6-9AD2-476D-A34A-A2163A7186B9}.Release|Any CPU.Build.0 = Release|Any CPU
	EndGlobalSection
	GlobalSection(SolutionProperties) = preSolution
		HideSolutionNode = FALSE
	EndGlobalSection
	GlobalSection(NestedProjects) = preSolution
		{1D93D48B-65C6-4623-904E-2CA4ACF5D0FF} = {35F7C631-1E4C-4B9B-B9E4-503DE3A4F1E4}
		{8A324816-1BFF-44F5-82FF-F06D5873D897} = {35F7C631-1E4C-4B9B-B9E4-503DE3A4F1E4}
		{7887509A-32D2-4814-9644-89BFC44B0B74} = {35F7C631-1E4C-4B9B-B9E4-503DE3A4F1E4}
		{9288CE24-39EB-4425-A4A4-9DD6A69097E2} = {C84ADA38-2943-4C67-8201-157057BB24B3}
		{69908E42-6518-461B-90FE-7D5C102581F9} = {C84ADA38-2943-4C67-8201-157057BB24B3}
		{775BE448-B0F2-4172-A89A-FD985A5B8424} = {8B1546E8-AAFE-4AE6-B665-5CC85F9C1339}
		{7F1D0C80-5BFB-42B3-8D3A-62F3FD4AEE13} = {8B1546E8-AAFE-4AE6-B665-5CC85F9C1339}
		{060D5D00-0A32-453E-9989-9E798113FF8A} = {8B1546E8-AAFE-4AE6-B665-5CC85F9C1339}
		{5A7C800D-20D3-4D57-921B-4B01074BD0F9} = {056A13F3-5B03-49AA-8B0F-14DB200AF8C5}
		{AE97F194-0724-4B9E-B58A-DEB27239F584} = {056A13F3-5B03-49AA-8B0F-14DB200AF8C5}
		{1AD6A6A6-9AD2-476D-A34A-A2163A7186B9} = {056A13F3-5B03-49AA-8B0F-14DB200AF8C5}
	EndGlobalSection
	GlobalSection(ExtensibilityGlobals) = postSolution
		SolutionGuid = {B6705D41-3C30-4897-8459-4D3CB830E76B}
	EndGlobalSection
EndGlobal
